
Microsoft Visual Studio Solution File, Format Version 12.00
# Visual Studio Version 17
VisualStudioVersion = 17.0.32014.148
MinimumVisualStudioVersion = 10.0.40219.1
Project("{FAE04EC0-301F-11D3-BF4B-00C04F79EFBC}") = "triangle pattern program", "triangle pattern program\triangle pattern program.csproj", "{F0C53100-CE68-4DE8-8F38-2B9E3A1249E0}"
EndProject
Global
	GlobalSection(SolutionConfigurationPlatforms) = preSolution
		Debug|Any CPU = Debug|Any CPU
		Release|Any CPU = Release|Any CPU
	EndGlobalSection
	GlobalSection(ProjectConfigurationPlatforms) = postSolution
		{F0C53100-CE68-4DE8-8F38-2B9E3A1249E0}.Debug|Any CPU.ActiveCfg = Debug|Any CPU
		{F0C53100-CE68-4DE8-8F38-2B9E3A1249E0}.Debug|Any CPU.Build.0 = Debug|Any CPU
		{F0C53100-CE68-4DE8-8F38-2B9E3A1249E0}.Release|Any CPU.ActiveCfg = Release|Any CPU
		{F0C53100-CE68-4DE8-8F38-2B9E3A1249E0}.Release|Any CPU.Build.0 = Release|Any CPU
	EndGlobalSection
	GlobalSection(SolutionProperties) = preSolution
		HideSolutionNode = FALSE
	EndGlobalSection
	GlobalSection(ExtensibilityGlobals) = postSolution
		SolutionGuid = {54FAF4B6-6570-49EA-AEEC-B65043CF125F}
	EndGlobalSection
EndGlobal
